{
  "originHash" : "b8069bd3df722f5cbd332640effe68d5e3b50b7638a8985236acc4eb87e1c1a7",
  "pins" : [
    {
      "identity" : "sdwebimage",
      "kind" : "remoteSourceControl",
      "location" : "https://github.com/SDWebImage/SDWebImage.git",
      "state" : {
        "revision" : "2053b120767c42a70bcba21095f34e4cfb54a75d",
        "version" : "5.21.3"
      }
    },
    {
      "identity" : "sdwebimageswiftui",
      "kind" : "remoteSourceControl",
      "location" : "https://github.com/SDWebImage/SDWebImageSwiftUI.git",
      "state" : {
        "revision" : "0e331457ca9af2f0b08bcaa138a91ffb907b004f",
        "version" : "3.1.4"
      }
    },
    {
      "identity" : "swiftfulutilities",
      "kind" : "remoteSourceControl",
      "location" : "https://github.com/SwiftfulThinking/SwiftfulUtilities.git",
      "state" : {
        "revision" : "94c122e1e58cbcbe117200df211cf08ca6f5d6fb",
        "version" : "1.1.6"
      }
    }
  ],
  "version" : 3
}
